
Microsoft Visual Studio Solution File, Format Version 12.00
# Visual Studio Version 16
VisualStudioVersion = 16.0.31613.86
MinimumVisualStudioVersion = 10.0.40219.1
Project("{FAE04EC0-301F-11D3-BF4B-00C04F79EFBC}") = "PA.ImageUtils", "PA.ImageUtils\PA.ImageUtils.csproj", "{7E52363C-0A65-4C7F-87C7-37C19874545F}"
EndProject
Project("{FAE04EC0-301F-11D3-BF4B-00C04F79EFBC}") = "PA.ImageUtils.Win", "PA.ImageUtils.Win\PA.ImageUtils.Win.csproj", "{FEE0A3AB-A014-47FA-8BAC-17C1BFCEFAA3}"
EndProject
Global
	GlobalSection(SolutionConfigurationPlatforms) = preSolution
		Debug|Any CPU = Debug|Any CPU
		Release|Any CPU = Release|Any CPU
	EndGlobalSection
	GlobalSection(ProjectConfigurationPlatforms) = postSolution
		{7E52363C-0A65-4C7F-87C7-37C19874545F}.Debug|Any CPU.ActiveCfg = Debug|Any CPU
		{7E52363C-0A65-4C7F-87C7-37C19874545F}.Debug|Any CPU.Build.0 = Debug|Any CPU
		{7E52363C-0A65-4C7F-87C7-37C19874545F}.Release|Any CPU.ActiveCfg = Release|Any CPU
		{7E52363C-0A65-4C7F-87C7-37C19874545F}.Release|Any CPU.Build.0 = Release|Any CPU
		{FEE0A3AB-A014-47FA-8BAC-17C1BFCEFAA3}.Debug|Any CPU.ActiveCfg = Debug|Any CPU
		{FEE0A3AB-A014-47FA-8BAC-17C1BFCEFAA3}.Debug|Any CPU.Build.0 = Debug|Any CPU
		{FEE0A3AB-A014-47FA-8BAC-17C1BFCEFAA3}.Release|Any CPU.ActiveCfg = Release|Any CPU
		{FEE0A3AB-A014-47FA-8BAC-17C1BFCEFAA3}.Release|Any CPU.Build.0 = Release|Any CPU
	EndGlobalSection
	GlobalSection(SolutionProperties) = preSolution
		HideSolutionNode = FALSE
	EndGlobalSection
	GlobalSection(ExtensibilityGlobals) = postSolution
		SolutionGuid = {6C06B271-401A-4650-9280-E3002A374598}
	EndGlobalSection
EndGlobal
